
Microsoft Visual Studio Solution File, Format Version 12.00
# Visual Studio Version 17
VisualStudioVersion = 17.8.34309.116
MinimumVisualStudioVersion = 10.0.40219.1
Project("{FAE04EC0-301F-11D3-BF4B-00C04F79EFBC}") = "ApprovalApp.API", "ApprovalApp.API\ApprovalApp.API.csproj", "{13DA66D2-EDB1-4439-A223-6A026352335E}"
EndProject
Project("{FAE04EC0-301F-11D3-BF4B-00C04F79EFBC}") = "ApprovalApp.Domain", "ApprovalApp.Domain\ApprovalApp.Domain.csproj", "{1B0ADD43-CF08-4896-B52C-2C70171592EF}"
EndProject
Project("{FAE04EC0-301F-11D3-BF4B-00C04F79EFBC}") = "ApprovalApp.Data", "ApprovalApp.Data\ApprovalApp.Data.csproj", "{F1226D66-06F4-4A01-9849-79E5BF4C9985}"
EndProject
Project("{FAE04EC0-301F-11D3-BF4B-00C04F79EFBC}") = "ApprovalApp.Application", "ApprovalApp.Application\ApprovalApp.Application.csproj", "{936D6771-2573-4F36-93BD-9D8EE68C1861}"
EndProject
Global
	GlobalSection(SolutionConfigurationPlatforms) = preSolution
		Debug|Any CPU = Debug|Any CPU
		Release|Any CPU = Release|Any CPU
	EndGlobalSection
	GlobalSection(ProjectConfigurationPlatforms) = postSolution
		{13DA66D2-EDB1-4439-A223-6A026352335E}.Debug|Any CPU.ActiveCfg = Debug|Any CPU
		{13DA66D2-EDB1-4439-A223-6A026352335E}.Debug|Any CPU.Build.0 = Debug|Any CPU
		{13DA66D2-EDB1-4439-A223-6A026352335E}.Release|Any CPU.ActiveCfg = Release|Any CPU
		{13DA66D2-EDB1-4439-A223-6A026352335E}.Release|Any CPU.Build.0 = Release|Any CPU
		{1B0ADD43-CF08-4896-B52C-2C70171592EF}.Debug|Any CPU.ActiveCfg = Debug|Any CPU
		{1B0ADD43-CF08-4896-B52C-2C70171592EF}.Debug|Any CPU.Build.0 = Debug|Any CPU
		{1B0ADD43-CF08-4896-B52C-2C70171592EF}.Release|Any CPU.ActiveCfg = Release|Any CPU
		{1B0ADD43-CF08-4896-B52C-2C70171592EF}.Release|Any CPU.Build.0 = Release|Any CPU
		{F1226D66-06F4-4A01-9849-79E5BF4C9985}.Debug|Any CPU.ActiveCfg = Debug|Any CPU
		{F1226D66-06F4-4A01-9849-79E5BF4C9985}.Debug|Any CPU.Build.0 = Debug|Any CPU
		{F1226D66-06F4-4A01-9849-79E5BF4C9985}.Release|Any CPU.ActiveCfg = Release|Any CPU
		{F1226D66-06F4-4A01-9849-79E5BF4C9985}.Release|Any CPU.Build.0 = Release|Any CPU
		{936D6771-2573-4F36-93BD-9D8EE68C1861}.Debug|Any CPU.ActiveCfg = Debug|Any CPU
		{936D6771-2573-4F36-93BD-9D8EE68C1861}.Debug|Any CPU.Build.0 = Debug|Any CPU
		{936D6771-2573-4F36-93BD-9D8EE68C1861}.Release|Any CPU.ActiveCfg = Release|Any CPU
		{936D6771-2573-4F36-93BD-9D8EE68C1861}.Release|Any CPU.Build.0 = Release|Any CPU
	EndGlobalSection
	GlobalSection(SolutionProperties) = preSolution
		HideSolutionNode = FALSE
	EndGlobalSection
	GlobalSection(ExtensibilityGlobals) = postSolution
		SolutionGuid = {B67879A2-48CD-4C0F-A33E-181828D42532}
	EndGlobalSection
EndGlobal
